{
  "version": "5",
  "specifiers": {
    "jsr:@bradenmacdonald/s3-lite-client@0.9": "0.9.6",
    "jsr:@deno/gfm@0.12": "0.12.0",
    "jsr:@denosaurs/emoji@~0.3.1": "0.3.1",
    "jsr:@hono/hono@*": "4.12.31",
    "jsr:@hono/hono@^4.12.31": "4.12.31",
    "jsr:@std/assert@^1.0.19": "1.0.19",
    "jsr:@std/internal@^1.0.12": "1.0.14",
    "jsr:@std/media-types@1": "1.1.0",
    "jsr:@thai/carify@^0.0.4": "0.0.4",
    "npm:@helia/car@^3.1.5": "3.2.1",
    "npm:@helia/unixfs@^3.0.6": "3.0.7",
    "npm:@helia/utils@~0.3.2": "0.3.3",
    "npm:blockstore-core@^4.4.1": "4.4.1",
    "npm:datastore-core@^9.2.9": "9.2.9",
    "npm:github-slugger@2": "2.0.0",
    "npm:he@^1.2.0": "1.2.0",
    "npm:jose@*": "6.2.3",
    "npm:jose@^6.2.3": "6.2.3",
    "npm:katex@0.16": "0.16.47",
    "npm:marked-alert@^2.1.2": "2.1.2_marked@17.0.6",
    "npm:marked-footnote@^1.4.0": "1.4.0_marked@17.0.6",
    "npm:marked-gfm-heading-id@^4.1.3": "4.1.4_marked@17.0.6",
    "npm:marked@^17.0.1": "17.0.6",
    "npm:prismjs@^1.30.0": "1.30.0",
    "npm:sanitize-html@^2.17.0": "2.17.6"
  },
  "jsr": {
    "@bradenmacdonald/s3-lite-client@0.9.6": {
      "integrity": "5dac4eb9ce4d8574ce2eb21e1cff1e96b409ca3ba333913a8bbf918710dc50d9"
    },
    "@deno/gfm@0.12.0": {
      "integrity": "9b2d8f3e3d5673da5b2e8613d36cf38619ac5e3bdeb895d35472a16870fb147a",
      "dependencies": [
        "jsr:@denosaurs/emoji",
        "npm:github-slugger",
        "npm:he",
        "npm:katex",
        "npm:marked",
        "npm:marked-alert",
        "npm:marked-footnote",
        "npm:marked-gfm-heading-id",
        "npm:prismjs",
        "npm:sanitize-html"
      ]
    },
    "@denosaurs/emoji@0.3.1": {
      "integrity": "b0aed5f55dec99e83da7c9637fe0a36d1d6252b7c99deaaa3fc5dea3fcf3da8b"
    },
    "@hono/hono@4.12.31": {
      "integrity": "6a31d6811a4e217ab7c59655e68f881372c39e191ace73e4aeed02fc1227185d"
    },
    "@std/assert@1.0.19": {
      "integrity": "eaada96ee120cb980bc47e040f82814d786fe8162ecc53c91d8df60b8755991e",
      "dependencies": [
        "jsr:@std/internal"
      ]
    },
    "@std/internal@1.0.14": {
      "integrity": "291516b3d4c35024d6ffbc0a9df5bf4c64116e05b50012cf846710152d2ffdf7"
    },
    "@std/media-types@1.1.0": {
      "integrity": "c9d093f0c05c3512932b330e3cc1fe1d627b301db33a4c2c2185c02471d6eaa4"
    },
    "@thai/carify@0.0.4": {
      "integrity": "86b6a0a94eaece2bbfe7c5e26b77a91790030b32438e9b9a97e4d2f65bcf15ec",
      "dependencies": [
        "npm:@helia/car",
        "npm:@helia/unixfs",
        "npm:@helia/utils",
        "npm:blockstore-core",
        "npm:datastore-core"
      ]
    }
  },
  "npm": {
    "@assemblyscript/loader@0.9.4": {
      "integrity": "sha512-HazVq9zwTVwGmqdwYzu7WyQ6FQVZ7SwET0KKQuKm55jD0IfUpZgN0OPIiZG3zV1iSrVYcN0bdwLRXI/VNCYsUA=="
    },
    "@chainsafe/is-ip@2.1.0": {
      "integrity": "sha512-KIjt+6IfysQ4GCv66xihEitBjvhU/bixbbbFxdJ1sqCp4uJ0wuZiYBPhksZoy4lfaF0k9cwNzY5upEW/VWdw3w=="
    },
    "@chainsafe/netmask@2.0.0": {
      "integrity": "sha512-I3Z+6SWUoaljh3TBzCnCxjlUyN8tA+NAk5L6m9IxvCf1BENQTePzPMis97CoN/iMW1St3WN+AWCCRp+TTBRiDg==",
      "dependencies": [
        "@chainsafe/is-ip"
      ]
    },
    "@dnsquery/dns-packet@6.1.1": {
      "integrity": "sha512-WXTuFvL3G+74SchFAtz3FgIYVOe196ycvGsMgvSH/8Goptb1qpIQtIuM4SOK9G9lhMWYpHxnXyy544ZhluFOew==",
      "dependencies": [
        "@leichtgewicht/ip-codec",
        "utf8-codec"
      ]
    },
    "@helia/car@3.2.1": {
      "integrity": "sha512-+TsYSARKz2/aWItFm+vtTtblK0ocbi3J2KcikGFkmr12ti+uO/tEkaK1OAY79H4r8GKJhniiPUg5s5gXu9GVvQ==",
      "dependencies": [
        "@helia/interface",
        "@ipld/car",
        "@libp2p/interface@1.7.0",
        "@libp2p/utils",
        "interface-blockstore",
        "it-drain",
        "it-map",
        "multiformats@13.4.2",
        "p-defer",
        "p-queue@8.1.1",
        "progress-events"
      ]
    },
    "@helia/interface@4.3.1": {
      "integrity": "sha512-jvuUUAQbLMhvMt+Lon7mJfJt5xJWiwn8aXtI9fHBpMNMsrKJOtefxAzwSr18xe+C9bMdOyRtocj2eFhs74bQ8w==",
      "dependencies": [
        "@libp2p/interface@1.7.0",
        "@multiformats/dns",
        "interface-blockstore",
        "interface-datastore",
        "interface-store@5.1.8",
        "multiformats@13.4.2",
        "progress-events"
      ]
    },
    "@helia/unixfs@3.0.7": {
      "integrity": "sha512-5fBXYk9t6Iu/DnTQZ//sn0MhM00AnK+VYEkfXdReoBUdzVFrOFW/bihT4sgLfYCq86+TShdrU1aDLkbFiN6FnQ==",
      "dependencies": [
        "@helia/interface",
        "@ipld/dag-pb",
        "@libp2p/interface@1.7.0",
        "@libp2p/logger",
        "@multiformats/murmur3",
        "hamt-sharding",
        "interface-blockstore",
        "ipfs-unixfs",
        "ipfs-unixfs-exporter",
        "ipfs-unixfs-importer",
        "it-all",
        "it-glob",
        "it-last",
        "it-pipe",
        "merge-options",
        "multiformats@13.4.2",
        "progress-events",
        "sparse-array",
        "uint8arrays@5.1.1"
      ]
    },
    "@helia/utils@0.3.3": {
      "integrity": "sha512-iCS8dJRULgltfx7aLLoqfjWUpqBWrTyouCToB9RgHpNs4lHcIsZn/VSbHyjC4NUF9nIWsxhH/3UAdvWl23HEgw==",
      "dependencies": [
        "@helia/interface",
        "@ipld/dag-cbor@9.2.7",
        "@ipld/dag-json",
        "@ipld/dag-pb",
        "@libp2p/crypto",
        "@libp2p/interface@1.7.0",
        "@libp2p/logger",
        "@libp2p/utils",
        "@multiformats/dns",
        "@types/murmurhash3js-revisited",
        "any-signal",
        "blockstore-core",
        "cborg@4.5.8",
        "interface-blockstore",
        "interface-datastore",
        "interface-store@5.1.8",
        "it-drain",
        "it-filter",
        "it-foreach",
        "it-merge",
        "mortice",
        "multiformats@13.4.2",
        "murmurhash3js-revisited",
        "p-defer",
        "progress-events",
        "uint8arraylist@2.4.9",
        "uint8arrays@5.1.1"
      ]
    },
    "@ipld/car@5.4.6": {
      "integrity": "sha512-f1Iyb9ci8B/TGCyjAuSQ6BOLiy2u8en7rB+SumbyweqXDu3gxYJwYbGzoposKjOzc4CeGlkEbwEw8REoekYAKQ==",
      "dependencies": [
        "@ipld/dag-cbor@10.0.1",
        "cborg@5.1.7",
        "multiformats@14.0.4",
        "varint"
      ]
    },
    "@ipld/dag-cbor@10.0.1": {
      "integrity": "sha512-nF07iiZPqduSXyMxc0jGANArRHFa9hjMQpQlgLOV2O/3xI1CNb5sXhvbmigbMiz5owSGi0Oq10VtauupMojuiw==",
      "dependencies": [
        "cborg@5.1.7",
        "multiformats@14.0.4"
      ]
    },
    "@ipld/dag-cbor@9.2.7": {
      "integrity": "sha512-ZmfXmElRWATr+hoUTSAOr6HUcjVhOcNHDqgczc76qte2DHHFEK0ZhNzUcdTDQhF/VSIvf2ioaRTRLWwLc83sNw==",
      "dependencies": [
        "cborg@5.1.7",
        "multiformats@13.4.2"
      ]
    },
    "@ipld/dag-json@10.2.9": {
      "integrity": "sha512-opNPQQsTuCFZkaJCAqXrB/n9OqUD6W2Boz/Au5HjhLQyczmT8lxoOZObqQ5S5hhnV8p6sgKAimNhUB2W6y0Mzg==",
      "dependencies": [
        "cborg@5.1.7",
        "multiformats@13.4.2"
      ]
    },
    "@ipld/dag-pb@4.1.7": {
      "integrity": "sha512-/i/13trFihjWfDyXlylRwhuYjtzYjvOFw0vlRjYGnZuv7d7MOgA2lV/vRuL5RfeUajM03aZfFLdq4S7cTbbTRg==",
      "dependencies": [
        "multiformats@14.0.4"
      ]
    },
    "@leichtgewicht/ip-codec@2.0.5": {
      "integrity": "sha512-Vo+PSpZG2/fmgmiNzYK9qWRh8h/CHrwD0mo1h1DzL4yzHNSfWYujGTYsWGreD000gcgmZ7K4Ys6Tx9TxtsKdDw=="
    },
    "@libp2p/crypto@4.1.9": {
      "integrity": "sha512-8Cf2VKh0uC/rQLvTLSloIOMqUvf4jsSTHXgjWQRf47lDNJlNNI0wSv2S6gakT72GZsRV/jCjYwKPqRlsa5S0iA==",
      "dependencies": [
        "@libp2p/interface@1.7.0",
        "@noble/curves",
        "@noble/hashes",
        "asn1js",
        "multiformats@13.4.2",
        "protons-runtime",
        "uint8arraylist@2.4.9",
        "uint8arrays@5.1.1"
      ]
    },
    "@libp2p/interface@1.7.0": {
      "integrity": "sha512-/zFyaIaIGW0aihhsH7/93vQdpWInUzFocxF11RO/029Y6h0SVjs24HHbils+DqaFDTqN+L7oNlBx2rM2MnmTjA==",
      "dependencies": [
        "@multiformats/multiaddr@12.5.1",
        "it-pushable",
        "it-stream-types",
        "multiformats@13.4.2",
        "progress-events",
        "uint8arraylist@2.4.9"
      ]
    },
    "@libp2p/interface@3.2.5": {
      "integrity": "sha512-RdTchTdakBBc4ShKKsvoME/bJYsrCoVDpdYQVdd4TQ30TCb8QwWKGClqAtw7gfLNuaUKm41xz06kASW6AZpbDA==",
      "dependencies": [
        "@multiformats/dns",
        "@multiformats/multiaddr@13.0.3",
        "main-event",
        "multiformats@14.0.4",
        "progress-events",
        "uint8arraylist@3.0.2"
      ]
    },
    "@libp2p/logger@4.0.20": {
      "integrity": "sha512-TTh2dhHsOTAlMPxSa9ncFPHa/0jTt+0AQxwHdlxg/OGLAgc9VRhnrhHUbJZp07Crcw4T/MOfS4KhjlxgqYgJRw==",
      "dependencies": [
        "@libp2p/interface@1.7.0",
        "@multiformats/multiaddr@12.5.1",
        "interface-datastore",
        "multiformats@13.4.2",
        "weald"
      ]
    },
    "@libp2p/utils@5.4.9": {
      "integrity": "sha512-0fRdX98WqhTmXU2WEVLegLFxs/kKTtUHanHk5Lzs4oGsIzlPHR7zE6lj/U1WfsFA+Xo1eYQpNLiXEL29hG+Nyw==",
      "dependencies": [
        "@chainsafe/is-ip",
        "@libp2p/crypto",
        "@libp2p/interface@1.7.0",
        "@libp2p/logger",
        "@multiformats/multiaddr@12.5.1",
        "@multiformats/multiaddr-matcher",
        "@sindresorhus/fnv1a",
        "@types/murmurhash3js-revisited",
        "any-signal",
        "delay",
        "get-iterator",
        "is-loopback-addr",
        "it-pushable",
        "it-stream-types",
        "murmurhash3js-revisited",
        "netmask",
        "p-defer",
        "race-event",
        "race-signal@1.1.3",
        "uint8arraylist@2.4.9",
        "uint8arrays@5.1.1"
      ]
    },
    "@multiformats/dns@1.0.15": {
      "integrity": "sha512-W0zAMABtAn+3chgFcPGvllKND7M6GblMAAFcJQTy+iMmGiyFErZYPzAh2b50Y3SFf340iFV7+ckVgZkGfUyxzA==",
      "dependencies": [
        "@dnsquery/dns-packet",
        "@libp2p/interface@3.2.5",
        "hashlru",
        "p-queue@9.3.1",
        "progress-events",
        "uint8arrays@6.1.1"
      ]
    },
    "@multiformats/multiaddr-matcher@1.8.0": {
      "integrity": "sha512-tR/HFhDucXjvwCef5lfXT7kikqR2ffUjliuYlg/RKYGPySVKVlvrDufz86cIuHNc+i/fNR16FWWgD/pMJ6RW4w==",
      "dependencies": [
        "@chainsafe/is-ip",
        "@multiformats/multiaddr@12.5.1",
        "multiformats@13.4.2"
      ]
    },
    "@multiformats/multiaddr@12.5.1": {
      "integrity": "sha512-+DDlr9LIRUS8KncI1TX/FfUn8F2dl6BIxJgshS/yFQCNB5IAF0OGzcwB39g5NLE22s4qqDePv0Qof6HdpJ/4aQ==",
      "dependencies": [
        "@chainsafe/is-ip",
        "@chainsafe/netmask",
        "@multiformats/dns",
        "abort-error",
        "multiformats@13.4.2",
        "uint8-varint@2.0.5",
        "uint8arrays@5.1.1"
      ]
    },
    "@multiformats/multiaddr@13.0.3": {
      "integrity": "sha512-mEqqJ4r3a/uuFMTpRkU316wGNIDQNhuVWpm+ebKTQeYsfv9jXbPONWM6VVnj3KGUrwfsX7GZOyp4TFqEA2SPCw==",
      "dependencies": [
        "@chainsafe/is-ip",
        "multiformats@14.0.4",
        "uint8-varint@3.0.0",
        "uint8arrays@6.1.1"
      ]
    },
    "@multiformats/murmur3@2.2.8": {
      "integrity": "sha512-CrsYnnoWbTYPkLl9D6zKaFPlRbnOekofvi93/1IrXc5eaT5QChRscEFV93kVqHwL2phi8u1hj9UnaeFOq2PYMQ==",
      "dependencies": [
        "multiformats@14.0.4"
      ]
    },
    "@noble/curves@1.9.7": {
      "integrity": "sha512-gbKGcRUYIjA3/zCCNaWDciTMFI0dCkvou3TL8Zmy5Nc7sJ47a0jtOeZoTaMxkuqRo9cRhjOdZJXegxYE5FN/xw==",
      "dependencies": [
        "@noble/hashes"
      ]
    },
    "@noble/hashes@1.8.0": {
      "integrity": "sha512-jCs9ldd7NwzpgXDIf6P3+NrHh9/sD6CQdxHyjQI+h/6rDNo88ypBxxz45UDuZHz9r3tNz7N/VInSVoVdtXEI4A=="
    },
    "@nodelib/fs.scandir@2.1.5": {
      "integrity": "sha512-vq24Bq3ym5HEQm2NKCr3yXDwjc7vTsEThRDnkp2DK9p1uqLR+DHurm/NOTo0KG7HYHU7eppKZj3MyqYuMBf62g==",
      "dependencies": [
        "@nodelib/fs.stat",
        "run-parallel"
      ]
    },
    "@nodelib/fs.stat@2.0.5": {
      "integrity": "sha512-RkhPPp2zrqDAQA/2jNhnztcPAlv64XdhIp7a7454A5ovI7Bukxgt7MX7udwAu3zg1DcpPU0rz3VV1SeaqvY4+A=="
    },
    "@nodelib/fs.walk@1.2.8": {
      "integrity": "sha512-oGB+UxlgWcgQkgwo8GcEGwemoTFt3FIO9ababBmaGwXIoBKZ+GTy0pP185beGg7Llih/NSHSV2XAs1lnznocSg==",
      "dependencies": [
        "@nodelib/fs.scandir",
        "fastq"
      ]
    },
    "@sindresorhus/fnv1a@3.1.0": {
      "integrity": "sha512-KV321z5m/0nuAg83W1dPLy85HpHDk7Sdi4fJbwvacWsEhAh+rZUW4ZfGcXmUIvjZg4ss2bcwNlRhJ7GBEUG08w=="
    },
    "@types/murmurhash3js-revisited@3.0.3": {
      "integrity": "sha512-QvlqvYtGBYIDeO8dFdY4djkRubcrc+yTJtBc7n8VZPlJDUS/00A+PssbvERM8f9bYRmcaSEHPZgZojeQj7kzAA=="
    },
    "abort-error@1.0.2": {
      "integrity": "sha512-lVgvB2NyPLqbXXhVmXcYFTC1x5K7CiVdPgdY7LGgFQWC8506oN01sPN3i9cl9ynuwF4iJ0TS9exnR7cZ9FuX4w=="
    },
    "any-signal@4.2.0": {
      "integrity": "sha512-LndMvYuAPf4rC195lk7oSFuHOYFpOszIYrNYv0gHAvz+aEhE9qPZLhmrIz5pXP2BSsPOXvsuHDXEGaiQhIh9wA=="
    },
    "asn1js@3.0.10": {
      "integrity": "sha512-S2s3aOytiKdFRdulw2qPE51MzjzVOisppcVv7jVFR+Kw0kxwvFrDcYA0h7Ndqbmj0HkMIXYWaoj7fli8kgx1eg==",
      "dependencies": [
        "pvtsutils",
        "pvutils",
        "tslib"
      ]
    },
    "base64-js@1.5.1": {
      "integrity": "sha512-AKpaYlHn8t4SVbOHCy+b5+KKgvR4vrsD8vbvrbiQJps7fKDTkjkDry6ji0rUJjC0kzbNePLwzxq8iypo41qeWA=="
    },
    "bl@5.1.0": {
      "integrity": "sha512-tv1ZJHLfTDnXE6tMHv73YgSJaWR2AFuPwMntBe7XL/GBFHnT0CLnsHMogfk5+GzCDC5ZWarSCYaIGATZt9dNsQ==",
      "dependencies": [
        "buffer",
        "inherits",
        "readable-stream"
      ]
    },
    "blockstore-core@4.4.1": {
      "integrity": "sha512-peXfL9ZLx1cb84QALocMjhT8CsQ4JsreI/AitlN1inipSdC/G+jcYVJCqeCD5ecSTv/0LMpg8NlAPH/eBYZLjA==",
      "dependencies": [
        "@libp2p/logger",
        "err-code",
        "interface-blockstore",
        "interface-store@5.1.8",
        "it-drain",
        "it-filter",
        "it-merge",
        "it-pushable",
        "multiformats@13.4.2"
      ]
    },
    "braces@3.0.3": {
      "integrity": "sha512-yQbXgO/OSZVD2IsiLlro+7Hf6Q18EJrKSEsdoMzKePKXct3gvD8oLcOQdIzGupr5Fj+EDe8gO/lxc1BzfMpxvA==",
      "dependencies": [
        "fill-range"
      ]
    },
    "buffer@6.0.3": {
      "integrity": "sha512-FTiCpNxtwiZZHEZbcbTIcZjERVICn9yq/pDFkTl95/AxzD1naBctN7YO68riM/gLSDY7sdrMby8hofADYuuqOA==",
      "dependencies": [
        "base64-js",
        "ieee754"
      ]
    },
    "cborg@4.5.8": {
      "integrity": "sha512-6/viltD51JklRhq4L7jC3zgy6gryuG5xfZ3kzpE+PravtyeQLeQmCYLREhQH7pWENg5pY4Yu/XCd6a7dKScVlw==",
      "bin": true
    },
    "cborg@5.1.7": {
      "integrity": "sha512-rGg2MG9zZEUKtKqjkBppIWUecTXf9N1vs1Qru43vJWoDaODhCrtmzdehCaA/aq/c1cPI5A0kPrJ5Tf+jIfhV4w==",
      "bin": true
    },
    "commander@8.3.0": {
      "integrity": "sha512-OkTL9umf+He2DZkUq8f8J9of7yL6RJKI24dVITBmNfZBmri9zYZQrKkuXiKhyfPSu8tUhnVBB1iKXevvnlR4Ww=="
    },
    "datastore-core@9.2.9": {
      "integrity": "sha512-wraWTPsbtdE7FFaVo3pwPuTB/zXsgwGGAm8BgBYwYAuzZCTS0MfXmd/HH1vR9s0/NFFjOVmBkGiWCvKxZ+QjVw==",
      "dependencies": [
        "@libp2p/logger",
        "err-code",
        "interface-datastore",
        "interface-store@5.1.8",
        "it-drain",
        "it-filter",
        "it-map",
        "it-merge",
        "it-pipe",
        "it-pushable",
        "it-sort",
        "it-take"
      ]
    },
    "dayjs@1.11.21": {
      "integrity": "sha512-98IT+HOahAisibz/yjKbzuOBwYcjJ7BCLPzARyHiyEBmRz4fatF+KPJszEHXsGYjUG234aH/cOjW1wwTbKUZlA=="
    },
    "debug@4.4.3": {
      "integrity": "sha512-RGwwWnwQvkVfavKVt22FGLw+xYSdzARwm0ru6DhTVA3umU5hZc28V3kO4stgYryrTlLpuvgI9GiijltAjNbcqA==",
      "dependencies": [
        "ms@2.1.3"
      ]
    },
    "deepmerge@4.3.1": {
      "integrity": "sha512-3sUqbMEc77XqpdNO7FRyRog+eW3ph+GYCbj+rK+uYyRMuwsVy0rMiVtPn+QJlKFvWP/1PYpapqYn0Me2knFn+A=="
    },
    "delay@6.0.0": {
      "integrity": "sha512-2NJozoOHQ4NuZuVIr5CWd0iiLVIRSDepakaovIN+9eIDHEhdCAEvSy2cuf1DCrPPQLvHmbqTHODlhHg8UCy4zw=="
    },
    "dom-serializer@3.1.1": {
      "integrity": "sha512-4MEa38/QexBob6gFNwu+EGdWvhJ1OKuNwdYY3Y3NyeWDQfnGeDYQUDfIRzWu5B5gsv03so2Uxd28YC6zrsx3Lw==",
      "dependencies": [
        "domelementtype",
        "domhandler",
        "entities"
      ]
    },
    "domelementtype@3.0.0": {
      "integrity": "sha512-umCQid3jKbDmVjx8jGaW7uUykm4DEUeyV21hPxNMo2nV955DhUThwqyOIDtreepP31hl84X7G5U9ZfsWvIB3Pg=="
    },
    "domhandler@6.0.1": {
      "integrity": "sha512-gYzvtM72ZtxQO0T048kd6HWSbbGCNOUwcnfQ01cqIJ4X2IYKFFHZ5mKvrQETcFXxsRObZulDaKmy//R7TPtsBg==",
      "dependencies": [
        "domelementtype"
      ]
    },
    "domutils@4.0.2": {
      "integrity": "sha512-qI4JLRKnSzqFqr7hAlS5xQDusBCjKSEG4t4+7aNrIQMHBcsC2TGEhuyABJdYkgSewL57PNLYEiibY2iPKhKpaA==",
      "dependencies": [
        "dom-serializer",
        "domelementtype",
        "domhandler"
      ]
    },
    "entities@8.0.0": {
      "integrity": "sha512-zwfzJecQ/Uej6tusMqwAqU/6KL2XaB2VZ2Jg54Je6ahNBGNH6Ek6g3jjNCF0fG9EWQKGZNddNjU5F1ZQn/sBnA=="
    },
    "err-code@3.0.1": {
      "integrity": "sha512-GiaH0KJUewYok+eeY05IIgjtAe4Yltygk9Wqp1V5yVWLdhf0hYZchRjNIT9bb0mSwRcIusT3cx7PJUf3zEIfUA=="
    },
    "escape-string-regexp@4.0.0": {
      "integrity": "sha512-TtpcNJ3XAzx3Gq8sWRzJaVajRs0uVxA2YAkdb1jm2YkPz4G6egUFAyA3n5vtEIZefPk5Wa4UXbKuS5fKkJWdgA=="
    },
    "eventemitter3@5.0.4": {
      "integrity": "sha512-mlsTRyGaPBjPedk6Bvw+aqbsXDtoAyAzm5MO7JgU+yVRyMQ5O8bD4Kcci7BS85f93veegeCPkL8R4GLClnjLFw=="
    },
    "fast-glob@3.3.3": {
      "integrity": "sha512-7MptL8U0cqcFdzIzwOTHoilX9x5BrNqye7Z/LuC7kCMRio1EMSyqRK3BEAUD7sXRq4iT4AzTVuZdhgQ2TCvYLg==",
      "dependencies": [
        "@nodelib/fs.stat",
        "@nodelib/fs.walk",
        "glob-parent",
        "merge2",
        "micromatch"
      ]
    },
    "fastq@1.20.1": {
      "integrity": "sha512-GGToxJ/w1x32s/D2EKND7kTil4n8OVk/9mycTc4VDza13lOvpUZTGX3mFSCtV9ksdGBVzvsyAVLM6mHFThxXxw==",
      "dependencies": [
        "reusify"
      ]
    },
    "fill-range@7.1.1": {
      "integrity": "sha512-YsGpe3WHLK8ZYi4tWDg2Jy3ebRz2rXowDxnld4bkQB00cc/1Zw9AWnC0i9ztDJitivtQvaI9KaLyKrc+hBW0yg==",
      "dependencies": [
        "to-regex-range"
      ]
    },
    "get-iterator@2.0.1": {
      "integrity": "sha512-7HuY/hebu4gryTDT7O/XY/fvY9wRByEGdK6QOa4of8npTcv0+NS6frFKABcf6S9EBAsveTuKTsZQQBFMMNILIg=="
    },
    "github-slugger@2.0.0": {
      "integrity": "sha512-IaOQ9puYtjrkq7Y0Ygl9KDZnrf/aiUJYUpVf89y8kyaxbRG7Y1SrX/jaumrv81vc61+kiMempujsM3Yw7w5qcw=="
    },
    "glob-parent@5.1.2": {
      "integrity": "sha512-AOIgSQCepiJYwP3ARnGx+5VnTu2HBYdzbGP45eLw1vr3zB3vZLeyed1sC9hnbcOc9/SrMyM5RPQrkGz4aS9Zow==",
      "dependencies": [
        "is-glob"
      ]
    },
    "hamt-sharding@3.0.8": {
      "integrity": "sha512-pEh4hYa4ZyDJ2jWBTz7MVqTTGC3va3iEIMDJfbCKskR9rzHRd8HVwUyH5nLiLxK6VCFWIJ4vnlAEn4Hwx49Rbg==",
      "dependencies": [
        "sparse-array",
        "uint8arrays@6.1.1"
      ]
    },
    "hashlru@2.3.0": {
      "integrity": "sha512-0cMsjjIC8I+D3M44pOQdsy0OHXGLVz6Z0beRuufhKa0KfaD2wGwAev6jILzXsd3/vpnNQJmWyZtIILqM1N+n5A=="
    },
    "he@1.2.0": {
      "integrity": "sha512-F/1DnUGPopORZi0ni+CvrCgHQ5FyEAHRLSApuYWMmrbSwoN2Mn/7k+Gl38gJnR7yyDZk6WLXwiGod1JOWNDKGw==",
      "bin": true
    },
    "htmlparser2@12.0.0": {
      "integrity": "sha512-Tz7u1i95/g2x2jz81+x0FBVhBhY5aRTvD3tXXdFaljuNdzDLJ8UGNRrTcj2cgQvAg3iW/h77Fz15nLW0L0CrZw==",
      "dependencies": [
        "domelementtype",
        "domhandler",
        "domutils",
        "entities"
      ]
    },
    "ieee754@1.2.1": {
      "integrity": "sha512-dcyqhDvX1C46lXZcVqCpK+FtMRQVdIMN6/Df5js2zouUsqG7I6sFxitIC+7KYK29KdXOLHdu9zL4sFnoVQnqaA=="
    },
    "inherits@2.0.4": {
      "integrity": "sha512-k/vGaX4/Yla3WzyMCvTQOXYeIHvqOKtnqBduzTHpzpQZzAskKMhZ2K+EnBiSM9zGSoIFeMpXKxa4dYeZIQqewQ=="
    },
    "interface-blockstore@5.3.2": {
      "integrity": "sha512-oA9Pjkxun/JHAsZrYEyKX+EoPjLciTzidE7wipLc/3YoHDjzsnXRJzAzFJXNUvogtY4g7hIwxArx8+WKJs2RIg==",
      "dependencies": [
        "interface-store@6.0.3",
        "multiformats@13.4.2"
      ]
    },
    "interface-datastore@8.3.2": {
      "integrity": "sha512-R3NLts7pRbJKc3qFdQf+u40hK8XWc0w4Qkx3OFEstC80VoaDUABY/dXA2EJPhtNC+bsrf41Ehvqb6+pnIclyRA==",
      "dependencies": [
        "interface-store@6.0.3",
        "uint8arrays@5.1.1"
      ]
    },
    "interface-store@5.1.8": {
      "integrity": "sha512-7na81Uxkl0vqk0CBPO5PvyTkdaJBaezwUJGsMOz7riPOq0rJt+7W31iaopaMICWea/iykUsvNlPx/Tc+MxC3/w=="
    },
    "interface-store@6.0.3": {
      "integrity": "sha512-+WvfEZnFUhRwFxgz+QCQi7UC6o9AM0EHM9bpIe2Nhqb100NHCsTvNAn4eJgvgV2/tmLo1MP9nGxQKEcZTAueLA=="
    },
    "ipfs-unixfs-exporter@13.7.3": {
      "integrity": "sha512-sTFjAEnsPu5irh9rvT1j5mNf7nXnW78x5SJrCIrNZb1UqkXQtNX81RjAnTBShUtZ5ujSOc/yrC9Az8il8NVkKQ==",
      "dependencies": [
        "@ipld/dag-cbor@9.2.7",
        "@ipld/dag-json",
        "@ipld/dag-pb",
        "@multiformats/murmur3",
        "hamt-sharding",
        "interface-blockstore",
        "ipfs-unixfs",
        "it-filter",
        "it-last",
        "it-map",
        "it-parallel",
        "it-pipe",
        "it-pushable",
        "multiformats@13.4.2",
        "p-queue@8.1.1",
        "progress-events"
      ]
    },
    "ipfs-unixfs-importer@15.4.0": {
      "integrity": "sha512-laypY07Q0uGLMSxx5YsfVAEPVzdbV2p9cEC1/HNxqoWoz83LA2nX45usr8dcehalKLHm38u0FwUiRHq5wCHngQ==",
      "dependencies": [
        "@ipld/dag-pb",
        "@multiformats/murmur3",
        "hamt-sharding",
        "interface-blockstore",
        "interface-store@6.0.3",
        "ipfs-unixfs",
        "it-all",
        "it-batch",
        "it-first",
        "it-parallel-batch",
        "multiformats@13.4.2",
        "progress-events",
        "rabin-wasm",
        "uint8arraylist@2.4.9",
        "uint8arrays@5.1.1"
      ]
    },
    "ipfs-unixfs@11.2.5": {
      "integrity": "sha512-uasYJ0GLPbViaTFsOLnL9YPjX5VmhnqtWRriogAHOe4ApmIi9VAOFBzgDHsUW2ub4pEa/EysbtWk126g2vkU/g==",
      "dependencies": [
        "protons-runtime",
        "uint8arraylist@2.4.9"
      ]
    },
    "is-extglob@2.1.1": {
      "integrity": "sha512-SbKbANkN603Vi4jEZv49LeVJMn4yGwsbzZworEoyEiutsN3nJYdbO36zfhGJ6QEDpOZIFkDtnq5JRxmvl3jsoQ=="
    },
    "is-glob@4.0.3": {
      "integrity": "sha512-xelSayHH36ZgE7ZWhli7pW34hNbNl8Ojv5KVmkJD4hBdD3th8Tfk9vYasLM+mXWOZhFkgZfxhLSnrwRr4elSSg==",
      "dependencies": [
        "is-extglob"
      ]
    },
    "is-loopback-addr@2.0.2": {
      "integrity": "sha512-26POf2KRCno/KTNL5Q0b/9TYnL00xEsSaLfiFRmjM7m7Lw7ZMmFybzzuX4CcsLAluZGd+niLUiMRxEooVE3aqg=="
    },
    "is-number@7.0.0": {
      "integrity": "sha512-41Cifkg6e8TylSpdtTpeLVMqvSBEVzTttHvERD741+pnZ8ANv0004MRL43QKPDlK9cGvNp6NZWZUBlbGXYxxng=="
    },
    "is-plain-obj@2.1.0": {
      "integrity": "sha512-YWnfyRwxL/+SsrWYfOpUtz5b3YD+nyfkHvjbcanzk8zgyO4ASD67uVMRt8k5bM4lLMDnXfriRhOpemw+NfT1eA=="
    },
    "is-plain-object@5.0.0": {
      "integrity": "sha512-VRSzKkbMm5jMDoKLbltAkFQ5Qr7VDiTFGXxYFXXowVj387GeGNOCsOH6Msy00SGZ3Fp84b1Naa1psqgcCIEP5Q=="
    },
    "it-all@3.0.11": {
      "integrity": "sha512-Gvqj6MO4GMLnFdtE68HZRpGBskNC+9+GQ+JevTGNYLyhjUuPhjDLU3jN1LpBemXJDW1bRSkczqA/qGyKlPKrcQ=="
    },
    "it-batch@3.0.11": {
      "integrity": "sha512-2bvKErkXhtwKYDLKAGdEgveOs8wB0i3RItbaroP/6cC/QlrM7j+HAq/yJq6ci4J7KnzdRi76GyipKlafdOTBgw=="
    },
    "it-drain@3.0.12": {
      "integrity": "sha512-RaFA9X1PF2Pf1Jlqhgf5PlXLgf6CaZt7tSzhia+EkEVcAJRKa0Uhr8UnjVv0GmOA3Air9jDJfIX2KIvz5hZ1Ag=="
    },
    "it-filter@3.1.6": {
      "integrity": "sha512-yXiGPAvJn/exXjVFSCMQc3+J/7RLpOMwKoY2DH1yMhF4lYkdRoAdOwU0vnDACAlRAexf7AZvESZIc9mzhEoi/A==",
      "dependencies": [
        "it-peekable"
      ]
    },
    "it-first@3.0.11": {
      "integrity": "sha512-0ig8DKpg09V1o7JBagm3oPx3VY7WYfU5w3lpbLbqzijnfMPSvMGoMZuLm17h/RgOJXKP+9mt7vsCNiU2TW8TkQ=="
    },
    "it-foreach@2.1.7": {
      "integrity": "sha512-HoZgIF7DGU1X/8svRuJ7aPl6sge8W6MQxmMomkeAABNXJXoiXEU0xnvulzncRdd013Kh9SubXWhx6YjYw6lu5A==",
      "dependencies": [
        "it-peekable"
      ]
    },
    "it-glob@3.0.6": {
      "integrity": "sha512-dFNeW4izM08QuB4uuIr+sVKUSo8ftVD/E1RnYidiUZx/i9h9mmwDSBl3kPv/TCah6HI0y1sgfHVCbrwA9FjoaQ==",
      "dependencies": [
        "fast-glob"
      ]
    },
    "it-last@3.0.11": {
      "integrity": "sha512-Fg571l81nPzhZsiYjkw4dkhRqAK4oqIamTPEfAOnXI/5pYXz+dIfMVYmh9ncZs58oFNMkdF3bYFuCBTw/xJK0w=="
    },
    "it-map@3.1.6": {
      "integrity": "sha512-wCix0FXImtIPIxhCnbz35RqWs00e/CReSZX9nZq1j46JcAzBBp57ob9/2l1WnDYEaUURIR8xCyg2NsWbOwBJFQ==",
      "dependencies": [
        "it-peekable"
      ]
    },
    "it-merge@3.0.14": {
      "integrity": "sha512-D3t1Go2G2SQMkTujaA6EVojJPJKA9pFksxlSPDRBfrHKhWl6O40vEP7Itr5eCAjyCQH5p9+BFFVIy9bhLM4ZuQ==",
      "dependencies": [
        "it-queueless-pushable"
      ]
    },
    "it-parallel-batch@3.0.11": {
      "integrity": "sha512-n2gvHRVx14COn25jkio+fOHuKWaA5EVf9f0GbdWgVe8gXRIMYCai+CbmQACIv7o2Jn3ZAUOXD9Ob1Ftod0qtJQ==",
      "dependencies": [
        "it-batch"
      ]
    },
    "it-parallel@3.0.16": {
      "integrity": "sha512-qr3nTgj4fraSfr6Ix9JkHsy/Yb/4vmS3QIAu3fsX52r2SOTLbohXoixKp6AIhTJcorpKwjP0VFcpHr5V54jivA==",
      "dependencies": [
        "p-defer"
      ]
    },
    "it-peekable@3.0.10": {
      "integrity": "sha512-2E6+p1pelZOhzp69aaiiBuEybWzAl10uYbIdCR3Pxy8bFNnS/kgpbLtGbNbIZ6RVdU7yHHkmATYwjy52GfFEKA=="
    },
    "it-pipe@3.0.1": {
      "integrity": "sha512-sIoNrQl1qSRg2seYSBH/3QxWhJFn9PKYvOf/bHdtCBF0bnghey44VyASsWzn5dAx0DCDDABq1hZIuzKmtBZmKA==",
      "dependencies": [
        "it-merge",
        "it-pushable",
        "it-stream-types"
      ]
    },
    "it-pushable@3.2.4": {
      "integrity": "sha512-WSD7Ss4oCRfDZJT4ldLWr0Bom/muY90xxoJ5PQnU3uSKf0kxCOeehqZtiJX1ARqn+ymXGh1bxpDW9bDNHp2ivQ==",
      "dependencies": [
        "p-defer"
      ]
    },
    "it-queue@1.1.4": {
      "integrity": "sha512-cGH0+YfMPmwQ+lV+MhJcOXqOgE04h0zQCXvDUmvGGTyW0VqxJZbi7V+PQFEuPVN/5dHQg5RY9aVjMCgmxXaE5Q==",
      "dependencies": [
        "abort-error",
        "it-pushable",
        "main-event",
        "race-event",
        "race-signal@2.0.0"
      ]
    },
    "it-queueless-pushable@2.0.5": {
      "integrity": "sha512-BaKqGLL1AQMR1AEaxiM09vzJQVXHHhfhh9UV0qPqORw/8Rm8igDQqT1qHregfHIb1NIW9jxQ/aXBibHJyuivuQ==",
      "dependencies": [
        "abort-error",
        "p-defer",
        "race-signal@2.0.0"
      ]
    },
    "it-sort@3.0.11": {
      "integrity": "sha512-eZ22LAoNLx4i4gVV44tJPoUYf/o+mHKa6+OigdVH/hmsdA2qoJN6MNPvKZyZKBf6+S/8PBE44zyvkzdYGkRhbA==",
      "dependencies": [
        "it-all"
      ]
    },
    "it-stream-types@2.0.4": {
      "integrity": "sha512-tsX+klvMQ53J4Jm2B52vCIs7WD609ck+VS9X2TKMEv7VPY9VwaYKmSWyHek5QS0wHBtP0bWj9KMqCtAHgVKiXw=="
    },
    "it-take@3.0.11": {
      "integrity": "sha512-zvoeEjLViGFyhYT5KNCgmcIH90Si8lCve4aTMvgej/ZQRfB9YzrcJW3UHIJjbQ9TiAnsT4vsWDImEFQNk5xmnA=="
    },
    "jose@6.2.3": {
      "integrity": "sha512-YYVDInQKFJfR/xa3ojUTl8c2KoTwiL1R5Wg9YCydwH0x0B9grbzlg5HC7mMjCtUJjbQ/YnGEZIhI5tCgfTb4Hw=="
    },
    "katex@0.16.47": {
      "integrity": "sha512-Eeo8Ys1doU1z+x8AZsPpQu+p/QcZBI5PeOo7QGQdy2x2m0MU/hYagBbGOmXwr5KVbEfVuWv9LpnQWeehogurjg==",
      "dependencies": [
        "commander"
      ],
      "bin": true
    },
    "launder@1.7.1": {
      "integrity": "sha512-mU6WRz5EusL9ZZuiZ5SO4Y6C0P9PAUR9iwdb6bzj4KDihm28DiHFw+/yk9DBH4f+Pv1wuzQ4e2jV3oQ7mkIqvw==",
      "dependencies": [
        "dayjs"
      ]
    },
    "main-event@1.0.4": {
      "integrity": "sha512-sKazUjIy2Jalv5lkQ446iOcrx8Q7TkaCuk6xfnzg5uUqMusMLDMPmRDmSNE2kjSVpSTJo4j1bQZusS+Ib7Bvrg=="
    },
    "marked-alert@2.1.2_marked@17.0.6": {
      "integrity": "sha512-EFNRZ08d8L/iEIPLTlQMDjvwIsj03gxWCczYTht6DCiHJIZhMk4NK5gtPY9UqAYb09eV5VGT+jD4lp396E0I+w==",
      "dependencies": [
        "marked"
      ]
    },
    "marked-footnote@1.4.0_marked@17.0.6": {
      "integrity": "sha512-fZTxAhI1TcLEs5UOjCfYfTHpyKGaWQevbxaGTEA68B51l7i87SctPFtHETYqPkEN0ka5opvy4Dy1l/yXVC+hmg==",
      "dependencies": [
        "marked"
      ]
    },
    "marked-gfm-heading-id@4.1.4_marked@17.0.6": {
      "integrity": "sha512-CspnvVfHSkb/znqdPS4jUR8HtCjq3M/DnrsJCrfLBLvdrgbemmoINKpeWKQYkBiXAoBGejw0cV7xzqrPdup3WA==",
      "dependencies": [
        "github-slugger",
        "marked"
      ]
    },
    "marked@17.0.6": {
      "integrity": "sha512-gB0gkNafnonOw0obSTEGZTT86IuhILt2Wfx0mWH/1Au83kybTayroZ/V6nS25mN7u8ASy+5fMhgB3XPNrOZdmA==",
      "bin": true
    },
    "merge-options@3.0.4": {
      "integrity": "sha512-2Sug1+knBjkaMsMgf1ctR1Ujx+Ayku4EdJN4Z+C2+JzoeF7A3OZ9KM2GY0CpQS51NR61LTurMJrRKPhSs3ZRTQ==",
      "dependencies": [
        "is-plain-obj"
      ]
    },
    "merge2@1.4.1": {
      "integrity": "sha512-8q7VEgMJW4J8tcfVPy8g09NcQwZdbwFEqhe/WZkoIzjn/3TGDwtOCYtXGxA3O8tPzpczCCDgv+P2P5y00ZJOOg=="
    },
    "micromatch@4.0.8": {
      "integrity": "sha512-PXwfBhYu0hBCPw8Dn0E+WDYb7af3dSLVWKi3HGv84IdF4TyFoC0ysxFd0Goxw7nSv4T/PzEJQxsYsEiFCKo2BA==",
      "dependencies": [
        "braces",
        "picomatch"
      ]
    },
    "minimist@1.2.8": {
      "integrity": "sha512-2yyAR8qBkN3YuheJanUpWC5U3bb5osDywNB8RzDVlDwDHbocAJveqqj1u8+SVD7jkWT4yvsHCpWqqWqAxb0zCA=="
    },
    "mortice@3.3.1": {
      "integrity": "sha512-t3oESfijIPGsmsdLEKjF+grHfrbnKSXflJtgb1wY14cjxZpS6GnhHRXTxxzCAoCCnq1YYfpEPwY3gjiCPhOufQ==",
      "dependencies": [
        "abort-error",
        "it-queue",
        "main-event"
      ]
    },
    "ms@2.1.3": {
      "integrity": "sha512-6FlzubTLZG3J2a/NVCAleEhjzq5oxgHyaCU9yYXvcLsvoVaHJq/s5xXI6/XXP6tz7R9xAOtHnSO/tXtF3WRTlA=="
    },
    "ms@4.0.0-nightly.202508271359": {
      "integrity": "sha512-WC/Eo7NzFrOV/RRrTaI0fxKVbNCzEy76j2VqNV8SxDf9D69gSE2Lh0QwYvDlhiYmheBYExAvEAxVf5NoN0cj2A=="
    },
    "multiformats@13.4.2": {
      "integrity": "sha512-eh6eHCrRi1+POZ3dA+Dq1C6jhP1GNtr9CRINMb67OKzqW9I5DUuZM/3jLPlzhgpGeiNUlEGEbkCYChXMCc/8DQ=="
    },
    "multiformats@14.0.4": {
      "integrity": "sha512-+SXItmOUWzT0kjlIfkZ4NawJaC9jW/mPlyn902V9Qgpc7YDwdEiwqbiZxTyvC0XWh1jZguXca3A/WQ+UOPRLUA=="
    },
    "murmurhash3js-revisited@3.0.0": {
      "integrity": "sha512-/sF3ee6zvScXMb1XFJ8gDsSnY+X8PbOyjIuBhtgis10W2Jx4ZjIhikUCIF9c4gpJxVnQIsPAFrSwTCuAjicP6g=="
    },
    "nanoid@3.3.16": {
      "integrity": "sha512-bzlKTyNJ7+LdGIIwy8ijFpIqEQIvafahV7eYykJ8Cvh42EdJeODoJ6gUJXpQJvej1BddH8OqTXZNE/KfbWAu8Q==",
      "bin": true
    },
    "netmask@2.1.1": {
      "integrity": "sha512-eonl3sLUha+S1GzTPxychyhnUzKyeQkZ7jLjKrBagJgPla13F+uQ71HgpFefyHgqrjEbCPkDArxYsjY8/+gLKA=="
    },
    "node-fetch@2.7.0": {
      "integrity": "sha512-c4FRfUm/dbcWZ7U+1Wq0AwCyFL+3nt2bEw05wfxSz+DWpWsitgmSgYmy2dQdWyKC1694ELPqMs/YzUSNozLt8A==",
      "dependencies": [
        "whatwg-url"
      ]
    },
    "p-defer@4.0.1": {
      "integrity": "sha512-Mr5KC5efvAK5VUptYEIopP1bakB85k2IWXaRC0rsh1uwn1L6M0LVml8OIQ4Gudg4oyZakf7FmeRLkMMtZW1i5A=="
    },
    "p-queue@8.1.1": {
      "integrity": "sha512-aNZ+VfjobsWryoiPnEApGGmf5WmNsCo9xu8dfaYamG5qaLP7ClhLN6NgsFe6SwJ2UbLEBK5dv9x8Mn5+RVhMWQ==",
      "dependencies": [
        "eventemitter3",
        "p-timeout@6.1.4"
      ]
    },
    "p-queue@9.3.1": {
      "integrity": "sha512-POWdiIPmsUPGwb4FeQ4OBg46aqmcInSWe45CKDsGHiOBiVQM9chqfQTuqhuTzcg2Vz9faTI65at0KkVyVEiCHw==",
      "dependencies": [
        "eventemitter3",
        "p-timeout@7.0.1"
      ]
    },
    "p-timeout@6.1.4": {
      "integrity": "sha512-MyIV3ZA/PmyBN/ud8vV9XzwTrNtR4jFrObymZYnZqMmW0zA8Z17vnT0rBgFE/TlohB+YCHqXMgZzb3Csp49vqg=="
    },
    "p-timeout@7.0.1": {
      "integrity": "sha512-AxTM2wDGORHGEkPCt8yqxOTMgpfbEHqF51f/5fJCmwFC3C/zNcGT63SymH2ttOAaiIws2zVg4+izQCjrakcwHg=="
    },
    "parse-srcset@1.0.2": {
      "integrity": "sha512-/2qh0lav6CmI15FzA3i/2Bzk2zCgQhGMkvhOhKNcBVQ1ldgpbfiNTVslmooUmWJcADi1f1kIeynbDRVzNlfR6Q=="
    },
    "picocolors@1.1.1": {
      "integrity": "sha512-xceH2snhtb5M9liqDsmEw56le376mTZkEX/jEb/RxNFyegNul7eNslCXP9FDj/Lcu0X8KEyMceP2ntpaHrDEVA=="
    },
    "picomatch@2.3.2": {
      "integrity": "sha512-V7+vQEJ06Z+c5tSye8S+nHUfI51xoXIXjHQ99cQtKUkQqqO1kO/KCJUfZXuB47h/YBlDhah2H3hdUGXn8ie0oA=="
    },
    "postcss@8.5.20": {
      "integrity": "sha512-lW616l85ucIQL+FocMmL7pQFPqBmwejrCMg+iPxyImlrANNJG9NHq/RkyCZopDhd8C3LA03PHRJDjkbGu8vvug==",
      "dependencies": [
        "nanoid",
        "picocolors",
        "source-map-js"
      ]
    },
    "prismjs@1.30.0": {
      "integrity": "sha512-DEvV2ZF2r2/63V+tK8hQvrR2ZGn10srHbXviTlcv7Kpzw8jWiNTqbVgjO3IY8RxrrOUF8VPMQQFysYYYv0YZxw=="
    },
    "progress-events@1.1.0": {
      "integrity": "sha512-82DVc5tI36neVB3IjdXR11ztwGuoBc98em9ijzubeZKxI47OlV2Znq6mlPqE5xPDzO2Uw98GHiQSjj2favBCRQ=="
    },
    "protons-runtime@5.6.0": {
      "integrity": "sha512-/Kde+sB9DsMFrddJT/UZWe6XqvL7SL5dbag/DBCElFKhkwDj7XKt53S+mzLyaDP5OqS0wXjV5SA572uWDaT0Hg==",
      "dependencies": [
        "uint8-varint@2.0.5",
        "uint8arraylist@2.4.9",
        "uint8arrays@5.1.1"
      ]
    },
    "pvtsutils@1.3.6": {
      "integrity": "sha512-PLgQXQ6H2FWCaeRak8vvk1GW462lMxB5s3Jm673N82zI4vqtVUPuZdffdZbPDFRoU8kAhItWFtPCWiPpp4/EDg==",
      "dependencies": [
        "tslib"
      ]
    },
    "pvutils@1.1.5": {
      "integrity": "sha512-KTqnxsgGiQ6ZAzZCVlJH5eOjSnvlyEgx1m8bkRJfOhmGRqfo5KLvmAlACQkrjEtOQ4B7wF9TdSLIs9O90MX9xA=="
    },
    "queue-microtask@1.2.3": {
      "integrity": "sha512-NuaNSa6flKT5JaSYQzJok04JzTL1CA6aGhv5rfLW3PgqA+M2ChpZQnAC8h8i4ZFkBS8X5RqkDBHA7r4hej3K9A=="
    },
    "rabin-wasm@0.1.5": {
      "integrity": "sha512-uWgQTo7pim1Rnj5TuWcCewRDTf0PEFTSlaUjWP4eY9EbLV9em08v89oCz/WO+wRxpYuO36XEHp4wgYQnAgOHzA==",
      "dependencies": [
        "@assemblyscript/loader",
        "bl",
        "debug",
        "minimist",
        "node-fetch",
        "readable-stream"
      ],
      "bin": true
    },
    "race-event@1.6.1": {
      "integrity": "sha512-vi7WH5g5KoTFpu2mme/HqZiWH14XSOtg5rfp6raBskBHl7wnmy3F/biAIyY5MsK+BHWhoPhxtZ1Y2R7OHHaWyQ==",
      "dependencies": [
        "abort-error"
      ]
    },
    "race-signal@1.1.3": {
      "integrity": "sha512-Mt2NznMgepLfORijhQMncE26IhkmjEphig+/1fKC0OtaKwys/gpvpmswSjoN01SS+VO951mj0L4VIDXdXsjnfA=="
    },
    "race-signal@2.0.0": {
      "integrity": "sha512-P31bLhE4ByBX/70QDXMutxnqgwrF1WUXea1O8DXuviAgkdbQ1iQMQotNgzJIBC9yUSn08u/acZrMUhgw7w6GpA=="
    },
    "readable-stream@3.6.2": {
      "integrity": "sha512-9u/sniCrY3D5WdsERHzHE4G2YCXqoG5FTHUiCC4SIbr6XcLZBY05ya9EKjYek9O5xOAwjGq+1JdGBAS7Q9ScoA==",
      "dependencies": [
        "inherits",
        "string_decoder",
        "util-deprecate"
      ]
    },
    "reusify@1.1.0": {
      "integrity": "sha512-g6QUff04oZpHs0eG5p83rFLhHeV00ug/Yf9nZM6fLeUrPguBTkTQOdpAWWspMh55TZfVQDPaN3NQJfbVRAxdIw=="
    },
    "run-parallel@1.2.0": {
      "integrity": "sha512-5l4VyZR86LZ/lDxZTR6jqL8AFE2S0IFLMP26AbjsLVADxHdhB/c0GUsH+y39UfCi3dzz8OlQuPmnaJOMoDHQBA==",
      "dependencies": [
        "queue-microtask"
      ]
    },
    "safe-buffer@5.2.1": {
      "integrity": "sha512-rp3So07KcdmmKbGvgaNxQSJr7bGVSVk5S9Eq1F+ppbRo70+YeaDxkw5Dd8NPN+GD6bjnYm2VuPuCXmpuYvmCXQ=="
    },
    "sanitize-html@2.17.6": {
      "integrity": "sha512-M4bo9tfv1yfhQZZKkc6dL07ALrGJtfvNOuhX3hU9AVPR/uPQ+nKOJBqTYc7LfMQblTW04mtSWDJWEyLvygJsLA==",
      "dependencies": [
        "deepmerge",
        "escape-string-regexp",
        "htmlparser2",
        "is-plain-object",
        "launder",
        "parse-srcset",
        "postcss"
      ]
    },
    "source-map-js@1.2.1": {
      "integrity": "sha512-UXWMKhLOwVKb728IUtQPXxfYU+usdybtUrK/8uGE8CQMvrhOpwvzDBwj0QhSL7MQc7vIsISBG8VQ8+IDQxpfQA=="
    },
    "sparse-array@1.3.2": {
      "integrity": "sha512-ZT711fePGn3+kQyLuv1fpd3rNSkNF8vd5Kv2D+qnOANeyKs3fx6bUMGWRPvgTTcYV64QMqZKZwcuaQSP3AZ0tg=="
    },
    "string_decoder@1.3.0": {
      "integrity": "sha512-hkRX8U1WjJFd8LsDJ2yQ/wWWxaopEsABU1XfkM8A+j0+85JAGppt16cr1Whg6KIbb4okU6Mql6BOj+uup/wKeA==",
      "dependencies": [
        "safe-buffer"
      ]
    },
    "supports-color@10.2.2": {
      "integrity": "sha512-SS+jx45GF1QjgEXQx4NJZV9ImqmO2NPz5FNsIHrsDjh2YsHnawpan7SNQ1o8NuhrbHZy9AZhIoCUiCeaW/C80g=="
    },
    "to-regex-range@5.0.1": {
      "integrity": "sha512-65P7iz6X5yEr1cwcgvQxbbIw7Uk3gOy5dIdtZ4rDveLqhrdJP+Li/Hx6tyK0NEb+2GCyneCMJiGqrADCSNk8sQ==",
      "dependencies": [
        "is-number"
      ]
    },
    "tr46@0.0.3": {
      "integrity": "sha512-N3WMsuqV66lT30CrXNbEjx4GEwlow3v6rr4mCcv6prnfwhS01rkgyFdjPNBYd9br7LpXV1+Emh01fHnq2Gdgrw=="
    },
    "tslib@2.8.1": {
      "integrity": "sha512-oJFu94HQb+KVduSUQL7wnpmqnfmLsOA/nAh6b6EH0wCEoK0/mPeXU6c3wKDV83MkOuHPRHtSXKKU99IBazS/2w=="
    },
    "uint8-varint@2.0.5": {
      "integrity": "sha512-jeFLbL/x30wBRnWjKE1qVBXeumG46r7XmYkpis955lTQ+blccGKFrOsSMHlxePwYB1pI7L8YPHz1t4jLxEs3nA==",
      "dependencies": [
        "uint8arraylist@2.4.9",
        "uint8arrays@5.1.1"
      ]
    },
    "uint8-varint@3.0.0": {
      "integrity": "sha512-S4DdpXBaLwKcFo7f0bWzWfHjbZ/i3QhM842qn+ZvHjxqFCfUcEB9SQNcmI69S+zMlcmIcKxsk9Iyw77S2Kxv6Q==",
      "dependencies": [
        "uint8arraylist@3.0.2",
        "uint8arrays@6.1.1"
      ]
    },
    "uint8arraylist@2.4.9": {
      "integrity": "sha512-KxWjyEFzchzik3aoQlK66oaoxIReoMo5bQRm1fcjBUZvE8xv/tyR3CTKhjh6K/faV8VaF6hd5pjr45CzbwuwkA==",
      "dependencies": [
        "uint8arrays@5.1.1"
      ]
    },
    "uint8arraylist@3.0.2": {
      "integrity": "sha512-LDVoq9BQaGJzGDUovEnoX6rpKCvnY/Jbtws4ikwnBzjRbq5qBAFpBZevUEbSmMM87aO0Sp+wOZy2ZXf5yODmXQ==",
      "dependencies": [
        "uint8arrays@6.1.1"
      ]
    },
    "uint8arrays@5.1.1": {
      "integrity": "sha512-9muQwa4wZG4dKi9gMAIBtnk2Pw87SRpvWTH6lOGm19V2Uqxr4uomUf2PGqPnWc+qs06sN8owUU4jfcoWOcfwVQ==",
      "dependencies": [
        "multiformats@13.4.2"
      ]
    },
    "uint8arrays@6.1.1": {
      "integrity": "sha512-iz7JN0XCSZYA111lhFG2Ui9EhFvTNekqSRHw3lvMHq+dzwWy1OQftxFQREEh4rffU0oSoXdQHsk2TiHKVm4fsA==",
      "dependencies": [
        "multiformats@14.0.4"
      ]
    },
    "utf8-codec@1.0.0": {
      "integrity": "sha512-S/QSLezp3qvG4ld5PUfXiH7mCFxLKjSVZRFkB3DOjgwHuJPFDkInAXc/anf7BAbHt/D38ozDzL+QMZ6/7gsI6w=="
    },
    "util-deprecate@1.0.2": {
      "integrity": "sha512-EPD5q1uXyFxJpCrLnCc1nHnq3gOa6DZBocAIiI2TaSCA7VCJ1UJDMagCzIkXNsUYfD1daK//LTEQ8xiIbrHtcw=="
    },
    "varint@6.0.0": {
      "integrity": "sha512-cXEIW6cfr15lFv563k4GuVuW/fiwjknytD37jIOLSdSWuOI6WnO/oKwmP2FQTU2l01LP8/M5TSAJpzUaGe3uWg=="
    },
    "weald@1.1.3": {
      "integrity": "sha512-vMWtNbYuPb58NeG2+0sKA0Een4VMDwzf+3oHqh68buWRSOMUBlUeRb11LhV28czV+DUpJHRykifijZDuS9bInA==",
      "dependencies": [
        "ms@4.0.0-nightly.202508271359",
        "supports-color"
      ]
    },
    "webidl-conversions@3.0.1": {
      "integrity": "sha512-2JAn3z8AR6rjK8Sm8orRC0h/bcl/DqL7tRPdGZ4I1CjdF+EaMLmYxBHyXuKL849eucPFhvBoxMsflfOb8kxaeQ=="
    },
    "whatwg-url@5.0.0": {
      "integrity": "sha512-saE57nupxk6v3HY35+jzBwYa0rKSy0XR8JSxZPwgLr7ys0IBzhGviA1/TUGJLmSVqs8pb9AnvICXEuOHLprYTw==",
      "dependencies": [
        "tr46",
        "webidl-conversions"
      ]
    }
  },
  "workspace": {
    "dependencies": [
      "jsr:@hono/hono@^4.12.31",
      "jsr:@std/assert@^1.0.19",
      "npm:jose@^6.2.3"
    ]
  }
}
